
Microsoft Visual Studio Solution File, Format Version 12.00
# Visual Studio Version 17
VisualStudioVersion = 17.4.33110.190
MinimumVisualStudioVersion = 10.0.40219.1
Project("{9A19103F-16F7-4668-BE54-9A1E7A4F7556}") = "LoggerAnalyzer", "LoggerAnalyzer\LoggerAnalyzer.csproj", "{FBABA326-388D-44F0-AFEE-844C135AC677}"
EndProject
Project("{9A19103F-16F7-4668-BE54-9A1E7A4F7556}") = "LoggerAnalyzer.CodeFixes", "LoggerAnalyzer.CodeFixes\LoggerAnalyzer.CodeFixes.csproj", "{3371FBFC-4454-48B7-8691-36B39A85628F}"
EndProject
Project("{9A19103F-16F7-4668-BE54-9A1E7A4F7556}") = "LoggerAnalyzer.Package", "LoggerAnalyzer.Package\LoggerAnalyzer.Package.csproj", "{B11BADBE-0E86-4258-9323-4F2F465CD1B2}"
EndProject
Project("{9A19103F-16F7-4668-BE54-9A1E7A4F7556}") = "LoggerAnalyzer.Test", "LoggerAnalyzer.Test\LoggerAnalyzer.Test.csproj", "{6081E659-24BB-4D34-A1D9-078DDC13E6C6}"
EndProject
Project("{9A19103F-16F7-4668-BE54-9A1E7A4F7556}") = "LoggerAnalyzer.Vsix", "LoggerAnalyzer.Vsix\LoggerAnalyzer.Vsix.csproj", "{46B88E68-3192-4534-8A5D-3E439F3CC789}"
EndProject
Project("{2150E333-8FDC-42A3-9474-1A3956D46DE8}") = "Solution Items", "Solution Items", "{EA63BCA7-21C5-4E60-B3FD-53A36AC8CF1D}"
	ProjectSection(SolutionItems) = preProject
		.editorconfig = .editorconfig
		..\.gitignore = ..\.gitignore
		..\README.md = ..\README.md
	EndProjectSection
EndProject
Global
	GlobalSection(SolutionConfigurationPlatforms) = preSolution
		Debug|Any CPU = Debug|Any CPU
		Release|Any CPU = Release|Any CPU
	EndGlobalSection
	GlobalSection(ProjectConfigurationPlatforms) = postSolution
		{FBABA326-388D-44F0-AFEE-844C135AC677}.Debug|Any CPU.ActiveCfg = Debug|Any CPU
		{FBABA326-388D-44F0-AFEE-844C135AC677}.Debug|Any CPU.Build.0 = Debug|Any CPU
		{FBABA326-388D-44F0-AFEE-844C135AC677}.Release|Any CPU.ActiveCfg = Release|Any CPU
		{FBABA326-388D-44F0-AFEE-844C135AC677}.Release|Any CPU.Build.0 = Release|Any CPU
		{3371FBFC-4454-48B7-8691-36B39A85628F}.Debug|Any CPU.ActiveCfg = Debug|Any CPU
		{3371FBFC-4454-48B7-8691-36B39A85628F}.Debug|Any CPU.Build.0 = Debug|Any CPU
		{3371FBFC-4454-48B7-8691-36B39A85628F}.Release|Any CPU.ActiveCfg = Release|Any CPU
		{3371FBFC-4454-48B7-8691-36B39A85628F}.Release|Any CPU.Build.0 = Release|Any CPU
		{B11BADBE-0E86-4258-9323-4F2F465CD1B2}.Debug|Any CPU.ActiveCfg = Debug|Any CPU
		{B11BADBE-0E86-4258-9323-4F2F465CD1B2}.Debug|Any CPU.Build.0 = Debug|Any CPU
		{B11BADBE-0E86-4258-9323-4F2F465CD1B2}.Release|Any CPU.ActiveCfg = Release|Any CPU
		{B11BADBE-0E86-4258-9323-4F2F465CD1B2}.Release|Any CPU.Build.0 = Release|Any CPU
		{6081E659-24BB-4D34-A1D9-078DDC13E6C6}.Debug|Any CPU.ActiveCfg = Debug|Any CPU
		{6081E659-24BB-4D34-A1D9-078DDC13E6C6}.Debug|Any CPU.Build.0 = Debug|Any CPU
		{6081E659-24BB-4D34-A1D9-078DDC13E6C6}.Release|Any CPU.ActiveCfg = Release|Any CPU
		{6081E659-24BB-4D34-A1D9-078DDC13E6C6}.Release|Any CPU.Build.0 = Release|Any CPU
		{46B88E68-3192-4534-8A5D-3E439F3CC789}.Debug|Any CPU.ActiveCfg = Debug|Any CPU
		{46B88E68-3192-4534-8A5D-3E439F3CC789}.Debug|Any CPU.Build.0 = Debug|Any CPU
		{46B88E68-3192-4534-8A5D-3E439F3CC789}.Release|Any CPU.ActiveCfg = Release|Any CPU
		{46B88E68-3192-4534-8A5D-3E439F3CC789}.Release|Any CPU.Build.0 = Release|Any CPU
	EndGlobalSection
	GlobalSection(SolutionProperties) = preSolution
		HideSolutionNode = FALSE
	EndGlobalSection
	GlobalSection(ExtensibilityGlobals) = postSolution
		SolutionGuid = {0C195DA3-A952-4DC9-B70C-A583C4DEA967}
	EndGlobalSection
EndGlobal
